
Microsoft Visual Studio Solution File, Format Version 12.00
# Visual Studio Version 17
VisualStudioVersion = 17.2.32516.85
MinimumVisualStudioVersion = 10.0.40219.1
Project("{FAE04EC0-301F-11D3-BF4B-00C04F79EFBC}") = "VerbIt.Site", "VerbIt.Site\VerbIt.Site.csproj", "{1B689DD0-2210-4A89-958B-D8EBFDEB0F50}"
EndProject
Global
	GlobalSection(SolutionConfigurationPlatforms) = preSolution
		Debug|Any CPU = Debug|Any CPU
		Release|Any CPU = Release|Any CPU
	EndGlobalSection
	GlobalSection(ProjectConfigurationPlatforms) = postSolution
		{1B689DD0-2210-4A89-958B-D8EBFDEB0F50}.Debug|Any CPU.ActiveCfg = Debug|Any CPU
		{1B689DD0-2210-4A89-958B-D8EBFDEB0F50}.Debug|Any CPU.Build.0 = Debug|Any CPU
		{1B689DD0-2210-4A89-958B-D8EBFDEB0F50}.Release|Any CPU.ActiveCfg = Release|Any CPU
		{1B689DD0-2210-4A89-958B-D8EBFDEB0F50}.Release|Any CPU.Build.0 = Release|Any CPU
	EndGlobalSection
	GlobalSection(SolutionProperties) = preSolution
		HideSolutionNode = FALSE
	EndGlobalSection
	GlobalSection(ExtensibilityGlobals) = postSolution
		SolutionGuid = {C82224D6-D6AF-4C51-ACE9-92DC82FA7BC5}
	EndGlobalSection
EndGlobal
