
Microsoft Visual Studio Solution File, Format Version 12.00
# Visual Studio Version 17
VisualStudioVersion = 17.2.32516.85
MinimumVisualStudioVersion = 10.0.40219.1
Project("{9A19103F-16F7-4668-BE54-9A1E7A4F7556}") = "VerbIt.Client", "VerbIt.Client\VerbIt.Client.csproj", "{1AE24ED7-D24F-4D8B-BF21-EA416B049850}"
EndProject
Project("{9A19103F-16F7-4668-BE54-9A1E7A4F7556}") = "VerbIt.Backend", "VerbIt.Backend\VerbIt.Backend.csproj", "{1931067B-492E-484A-9DE4-69129040E821}"
EndProject
Project("{9A19103F-16F7-4668-BE54-9A1E7A4F7556}") = "VerbIt.DataModels", "VerbIt.DataModels\VerbIt.DataModels.csproj", "{5A88FC97-C541-4BAA-90AE-8BA2C699A39B}"
EndProject
Project("{2150E333-8FDC-42A3-9474-1A3956D46DE8}") = "Repo-Level", "Repo-Level", "{BB05E33B-576A-48C1-AF74-4C9DB2D8E14C}"
	ProjectSection(SolutionItems) = preProject
		.csharpierrc.json = .csharpierrc.json
		.gitattributes = .gitattributes
		.gitignore = .gitignore
	EndProjectSection
EndProject
Project("{2150E333-8FDC-42A3-9474-1A3956D46DE8}") = ".config", ".config", "{8305CECA-A610-4860-A55B-C1CF5517AC99}"
	ProjectSection(SolutionItems) = preProject
		.config\dotnet-tools.json = .config\dotnet-tools.json
	EndProjectSection
EndProject
Project("{9A19103F-16F7-4668-BE54-9A1E7A4F7556}") = "Verbit.Backend.Tests", "Verbit.Backend.Tests\Verbit.Backend.Tests.csproj", "{06432362-ABFD-43EA-8342-87F8FAD85A71}"
EndProject
Global
	GlobalSection(SolutionConfigurationPlatforms) = preSolution
		Debug|Any CPU = Debug|Any CPU
		Release|Any CPU = Release|Any CPU
	EndGlobalSection
	GlobalSection(ProjectConfigurationPlatforms) = postSolution
		{1AE24ED7-D24F-4D8B-BF21-EA416B049850}.Debug|Any CPU.ActiveCfg = Debug|Any CPU
		{1AE24ED7-D24F-4D8B-BF21-EA416B049850}.Debug|Any CPU.Build.0 = Debug|Any CPU
		{1AE24ED7-D24F-4D8B-BF21-EA416B049850}.Release|Any CPU.ActiveCfg = Release|Any CPU
		{1AE24ED7-D24F-4D8B-BF21-EA416B049850}.Release|Any CPU.Build.0 = Release|Any CPU
		{1931067B-492E-484A-9DE4-69129040E821}.Debug|Any CPU.ActiveCfg = Debug|Any CPU
		{1931067B-492E-484A-9DE4-69129040E821}.Debug|Any CPU.Build.0 = Debug|Any CPU
		{1931067B-492E-484A-9DE4-69129040E821}.Release|Any CPU.ActiveCfg = Release|Any CPU
		{1931067B-492E-484A-9DE4-69129040E821}.Release|Any CPU.Build.0 = Release|Any CPU
		{5A88FC97-C541-4BAA-90AE-8BA2C699A39B}.Debug|Any CPU.ActiveCfg = Debug|Any CPU
		{5A88FC97-C541-4BAA-90AE-8BA2C699A39B}.Debug|Any CPU.Build.0 = Debug|Any CPU
		{5A88FC97-C541-4BAA-90AE-8BA2C699A39B}.Release|Any CPU.ActiveCfg = Release|Any CPU
		{5A88FC97-C541-4BAA-90AE-8BA2C699A39B}.Release|Any CPU.Build.0 = Release|Any CPU
		{06432362-ABFD-43EA-8342-87F8FAD85A71}.Debug|Any CPU.ActiveCfg = Debug|Any CPU
		{06432362-ABFD-43EA-8342-87F8FAD85A71}.Debug|Any CPU.Build.0 = Debug|Any CPU
		{06432362-ABFD-43EA-8342-87F8FAD85A71}.Release|Any CPU.ActiveCfg = Release|Any CPU
		{06432362-ABFD-43EA-8342-87F8FAD85A71}.Release|Any CPU.Build.0 = Release|Any CPU
	EndGlobalSection
	GlobalSection(SolutionProperties) = preSolution
		HideSolutionNode = FALSE
	EndGlobalSection
	GlobalSection(ExtensibilityGlobals) = postSolution
		SolutionGuid = {C82224D6-D6AF-4C51-ACE9-92DC82FA7BC5}
	EndGlobalSection
EndGlobal
